{
  "name": "dsh-dupguard",
  "version": "1.1.0",
  "lockfileVersion": 3,
  "requires": true,
  "packages": {
    "": {
      "name": "dsh-dupguard",
      "version": "1.1.0",
      "license": "MIT",
      "dependencies": {
        "@deepseek-ai/schemastery": "^3.18.1"
      },
      "engines": {
        "node": ">=18"
      }
    },
    "node_modules/@deepseek-ai/cosmokit": {
      "version": "1.8.3",
      "resolved": "https://registry.npmjs.org/@deepseek-ai/cosmokit/-/cosmokit-1.8.3.tgz",
      "integrity": "sha512-qBo+ronVM6Eu2WNVJXi8JcMiqZ19T9BRIpV+5qJUFPXjGH/Z0QKcQMC/IZJ7L394YTOtJgcovbk9qP0w2GsBXQ==",
      "license": "MIT"
    },
    "node_modules/@deepseek-ai/schemastery": {
      "version": "3.18.2",
      "resolved": "https://registry.npmjs.org/@deepseek-ai/schemastery/-/schemastery-3.18.2.tgz",
      "integrity": "sha512-njDtZsznjYxok7KLLlHOPyuv2efdWVbSflAHgztSfbMsg+CVraEoRe2DjOCgClYv3ZCSm7WXoaUkbB/+RY7tWQ==",
      "license": "MIT",
      "dependencies": {
        "@deepseek-ai/cosmokit": "^1.8.3",
        "@standard-schema/spec": "^1.1.0"
      }
    },
    "node_modules/@standard-schema/spec": {
      "version": "1.1.0",
      "resolved": "https://registry.npmjs.org/@standard-schema/spec/-/spec-1.1.0.tgz",
      "integrity": "sha512-l2aFy5jALhniG5HgqrD6jXLi/rUWrKvqN/qJx6yoJsgKhblVd+iqqU4RCXavm/jPityDo5TCvKMnpjKnOriy0w==",
      "license": "MIT"
    }
  }
}
